
Microsoft Visual Studio Solution File, Format Version 12.00
# Visual Studio Version 17
VisualStudioVersion = 17.10.34916.146
MinimumVisualStudioVersion = 10.0.40219.1
Project("{9A19103F-16F7-4668-BE54-9A1E7A4F7556}") = "QuestionnaireFactory", "QuestionnaireFactory\QuestionnaireFactory.csproj", "{DBD2C0AC-0880-4D0D-93C8-38536C7A271E}"
EndProject
Project("{9A19103F-16F7-4668-BE54-9A1E7A4F7556}") = "QuestionnaireFactory.UnitTests", "QuestionnaireFactory.UnitTests\QuestionnaireFactory.UnitTests.csproj", "{A52C8BEF-5E5B-4C06-A801-8370766F6D5A}"
EndProject
Project("{2150E333-8FDC-42A3-9474-1A3956D46DE8}") = "Éléments de solution", "Éléments de solution", "{7769DDF2-EA0E-4918-91A9-5E7CE3D49705}"
	ProjectSection(SolutionItems) = preProject
		.gitignore = .gitignore
		azure-pipelines.yml = azure-pipelines.yml
		README.md = README.md
	EndProjectSection
EndProject
Global
	GlobalSection(SolutionConfigurationPlatforms) = preSolution
		Debug|Any CPU = Debug|Any CPU
		Release|Any CPU = Release|Any CPU
	EndGlobalSection
	GlobalSection(ProjectConfigurationPlatforms) = postSolution
		{DBD2C0AC-0880-4D0D-93C8-38536C7A271E}.Debug|Any CPU.ActiveCfg = Debug|Any CPU
		{DBD2C0AC-0880-4D0D-93C8-38536C7A271E}.Debug|Any CPU.Build.0 = Debug|Any CPU
		{DBD2C0AC-0880-4D0D-93C8-38536C7A271E}.Release|Any CPU.ActiveCfg = Release|Any CPU
		{DBD2C0AC-0880-4D0D-93C8-38536C7A271E}.Release|Any CPU.Build.0 = Release|Any CPU
		{A52C8BEF-5E5B-4C06-A801-8370766F6D5A}.Debug|Any CPU.ActiveCfg = Debug|Any CPU
		{A52C8BEF-5E5B-4C06-A801-8370766F6D5A}.Debug|Any CPU.Build.0 = Debug|Any CPU
		{A52C8BEF-5E5B-4C06-A801-8370766F6D5A}.Release|Any CPU.ActiveCfg = Release|Any CPU
		{A52C8BEF-5E5B-4C06-A801-8370766F6D5A}.Release|Any CPU.Build.0 = Release|Any CPU
	EndGlobalSection
	GlobalSection(SolutionProperties) = preSolution
		HideSolutionNode = FALSE
	EndGlobalSection
	GlobalSection(ExtensibilityGlobals) = postSolution
		SolutionGuid = {6EE1C33C-7A20-4E78-B4F9-EDB9BBEE0D93}
	EndGlobalSection
EndGlobal
